
Microsoft Visual Studio Solution File, Format Version 12.00
# Visual Studio 15
VisualStudioVersion = 15.0.28307.136
MinimumVisualStudioVersion = 10.0.40219.1
Project("{FAE04EC0-301F-11D3-BF4B-00C04F79EFBC}") = "NumberGuesser", "NumberGuesser\NumberGuesser.csproj", "{12D6706D-344D-4EDC-8C2C-6736ED6B75DF}"
EndProject
Global
	GlobalSection(SolutionConfigurationPlatforms) = preSolution
		Debug|Any CPU = Debug|Any CPU
		Release|Any CPU = Release|Any CPU
	EndGlobalSection
	GlobalSection(ProjectConfigurationPlatforms) = postSolution
		{12D6706D-344D-4EDC-8C2C-6736ED6B75DF}.Debug|Any CPU.ActiveCfg = Debug|Any CPU
		{12D6706D-344D-4EDC-8C2C-6736ED6B75DF}.Debug|Any CPU.Build.0 = Debug|Any CPU
		{12D6706D-344D-4EDC-8C2C-6736ED6B75DF}.Release|Any CPU.ActiveCfg = Release|Any CPU
		{12D6706D-344D-4EDC-8C2C-6736ED6B75DF}.Release|Any CPU.Build.0 = Release|Any CPU
	EndGlobalSection
	GlobalSection(SolutionProperties) = preSolution
		HideSolutionNode = FALSE
	EndGlobalSection
	GlobalSection(ExtensibilityGlobals) = postSolution
		SolutionGuid = {27C6E5F8-A031-4800-9A4E-000EAA909585}
	EndGlobalSection
EndGlobal
